// !$*UTF8*$!
{
	archiveVersion = 1;
	classes = {
	};
	objectVersion = 46;
	objects = {

/* Begin PBXBuildFile section */
		49AAE99C1828A1DB00157987 /* Foundation.framework in Frameworks */ = {isa = PBXBuildFile; fileRef = 49AAE99B1828A1DB00157987 /* Foundation.framework */; };
		49AAE99E1828A1DB00157987 /* CoreGraphics.framework in Frameworks */ = {isa = PBXBuildFile; fileRef = 49AAE99D1828A1DB00157987 /* CoreGraphics.framework */; };
		49AAE9A01828A1DB00157987 /* UIKit.framework in Frameworks */ = {isa = PBXBuildFile; fileRef = 49AAE99F1828A1DB00157987 /* UIKit.framework */; };
		49AAE9A61828A1DB00157987 /* InfoPlist.strings in Resources */ = {isa = PBXBuildFile; fileRef = 49AAE9A41828A1DB00157987 /* InfoPlist.strings */; };
		49AAE9A81828A1DB00157987 /* main.m in Sources */ = {isa = PBXBuildFile; fileRef = 49AAE9A71828A1DB00157987 /* main.m */; };
		49AAE9AC1828A1DB00157987 /* ASAppDelegate.m in Sources */ = {isa = PBXBuildFile; fileRef = 49AAE9AB1828A1DB00157987 /* ASAppDelegate.m */; };
		49AAE9AE1828A1DB00157987 /* Images.xcassets in Resources */ = {isa = PBXBuildFile; fileRef = 49AAE9AD1828A1DB00157987 /* Images.xcassets */; };
		49AAE9B51828A1DB00157987 /* XCTest.framework in Frameworks */ = {isa = PBXBuildFile; fileRef = 49AAE9B41828A1DB00157987 /* XCTest.framework */; };
		49AAE9B61828A1DB00157987 /* Foundation.framework in Frameworks */ = {isa = PBXBuildFile; fileRef = 49AAE99B1828A1DB00157987 /* Foundation.framework */; };
		49AAE9B71828A1DB00157987 /* UIKit.framework in Frameworks */ = {isa = PBXBuildFile; fileRef = 49AAE99F1828A1DB00157987 /* UIKit.framework */; };
		49AAE9BF1828A1DB00157987 /* InfoPlist.strings in Resources */ = {isa = PBXBuildFile; fileRef = 49AAE9BD1828A1DB00157987 /* InfoPlist.strings */; };
		49AAE9C11828A1DB00157987 /* TimeTestTests.m in Sources */ = {isa = PBXBuildFile; fileRef = 49AAE9C01828A1DB00157987 /* TimeTestTests.m */; };
		49AAE9CC1828AD4D00157987 /* ASObject.m in Sources */ = {isa = PBXBuildFile; fileRef = 49AAE9CB1828AD4D00157987 /* ASObject.m */; };
/* End PBXBuildFile section */

/* Begin PBXContainerItemProxy section */
		49AAE9B81828A1DB00157987 /* PBXContainerItemProxy */ = {
			isa = PBXContainerItemProxy;
			containerPortal = 49AAE9901828A1DB00157987 /* Project object */;
			proxyType = 1;
			remoteGlobalIDString = 49AAE9971828A1DB00157987;
			remoteInfo = TimeTest;
		};
/* End PBXContainerItemProxy section */

/* Begin PBXFileReference section */
		49AAE9981828A1DB00157987 /* TimeTest.app */ = {isa = PBXFileReference; explicitFileType = wrapper.application; includeInIndex = 0; path = TimeTest.app; sourceTree = BUILT_PRODUCTS_DIR; };
		49AAE99B1828A1DB00157987 /* Foundation.framework */ = {isa = PBXFileReference; lastKnownFileType = wrapper.framework; name = Foundation.framework; path = System/Library/Frameworks/Foundation.framework; sourceTree = SDKROOT; };
		49AAE99D1828A1DB00157987 /* CoreGraphics.framework */ = {isa = PBXFileReference; lastKnownFileType = wrapper.framework; name = CoreGraphics.framework; path = System/Library/Frameworks/CoreGraphics.framework; sourceTree = SDKROOT; };
		49AAE99F1828A1DB00157987 /* UIKit.framework */ = {isa = PBXFileReference; lastKnownFileType = wrapper.framework; name = UIKit.framework; path = System/Library/Frameworks/UIKit.framework; sourceTree = SDKROOT; };
		49AAE9A31828A1DB00157987 /* TimeTest-Info.plist */ = {isa = PBXFileReference; lastKnownFileType = text.plist.xml; path = "TimeTest-Info.plist"; sourceTree = "<group>"; };
		49AAE9A51828A1DB00157987 /* en */ = {isa = PBXFileReference; lastKnownFileType = text.plist.strings; name = en; path = en.lproj/InfoPlist.strings; sourceTree = "<group>"; };
		49AAE9A71828A1DB00157987 /* main.m */ = {isa = PBXFileReference; lastKnownFileType = sourcecode.c.objc; path = main.m; sourceTree = "<group>"; };
		49AAE9A91828A1DB00157987 /* TimeTest-Prefix.pch */ = {isa = PBXFileReference; lastKnownFileType = sourcecode.c.h; path = "TimeTest-Prefix.pch"; sourceTree = "<group>"; };
		49AAE9AA1828A1DB00157987 /* ASAppDelegate.h */ = {isa = PBXFileReference; lastKnownFileType = sourcecode.c.h; path = ASAppDelegate.h; sourceTree = "<group>"; };
		49AAE9AB1828A1DB00157987 /* ASAppDelegate.m */ = {isa = PBXFileReference; lastKnownFileType = sourcecode.c.objc; path = ASAppDelegate.m; sourceTree = "<group>"; };
		49AAE9AD1828A1DB00157987 /* Images.xcassets */ = {isa = PBXFileReference; lastKnownFileType = folder.assetcatalog; path = Images.xcassets; sourceTree = "<group>"; };
		49AAE9B31828A1DB00157987 /* TimeTestTests.xctest */ = {isa = PBXFileReference; explicitFileType = wrapper.cfbundle; includeInIndex = 0; path = TimeTestTests.xctest; sourceTree = BUILT_PRODUCTS_DIR; };
		49AAE9B41828A1DB00157987 /* XCTest.framework */ = {isa = PBXFileReference; lastKnownFileType = wrapper.framework; name = XCTest.framework; path = Library/Frameworks/XCTest.framework; sourceTree = DEVELOPER_DIR; };
		49AAE9BC1828A1DB00157987 /* TimeTestTests-Info.plist */ = {isa = PBXFileReference; lastKnownFileType = text.plist.xml; path = "TimeTestTests-Info.plist"; sourceTree = "<group>"; };
		49AAE9BE1828A1DB00157987 /* en */ = {isa = PBXFileReference; lastKnownFileType = text.plist.strings; name = en; path = en.lproj/InfoPlist.strings; sourceTree = "<group>"; };
		49AAE9C01828A1DB00157987 /* TimeTestTests.m */ = {isa = PBXFileReference; lastKnownFileType = sourcecode.c.objc; path = TimeTestTests.m; sourceTree = "<group>"; };
		49AAE9CA1828AD4D00157987 /* ASObject.h */ = {isa = PBXFileReference; fileEncoding = 4; lastKnownFileType = sourcecode.c.h; path = ASObject.h; sourceTree = "<group>"; };
		49AAE9CB1828AD4D00157987 /* ASObject.m */ = {isa = PBXFileReference; fileEncoding = 4; lastKnownFileType = sourcecode.c.objc; path = ASObject.m; sourceTree = "<group>"; };
/* End PBXFileReference section */

/* Begin PBXFrameworksBuildPhase section */
		49AAE9951828A1DB00157987 /* Frameworks */ = {
			isa = PBXFrameworksBuildPhase;
			buildActionMask = 2147483647;
			files = (
				49AAE99E1828A1DB00157987 /* CoreGraphics.framework in Frameworks */,
				49AAE9A01828A1DB00157987 /* UIKit.framework in Frameworks */,
				49AAE99C1828A1DB00157987 /* Foundation.framework in Frameworks */,
			);
			runOnlyForDeploymentPostprocessing = 0;
		};
		49AAE9B01828A1DB00157987 /* Frameworks */ = {
			isa = PBXFrameworksBuildPhase;
			buildActionMask = 2147483647;
			files = (
				49AAE9B51828A1DB00157987 /* XCTest.framework in Frameworks */,
				49AAE9B71828A1DB00157987 /* UIKit.framework in Frameworks */,
				49AAE9B61828A1DB00157987 /* Foundation.framework in Frameworks */,
			);
			runOnlyForDeploymentPostprocessing = 0;
		};
/* End PBXFrameworksBuildPhase section */

/* Begin PBXGroup section */
		49AAE98F1828A1DB00157987 = {
			isa = PBXGroup;
			children = (
				49AAE9A11828A1DB00157987 /* TimeTest */,
				49AAE9BA1828A1DB00157987 /* TimeTestTests */,
				49AAE99A1828A1DB00157987 /* Frameworks */,
				49AAE9991828A1DB00157987 /* Products */,
			);
			sourceTree = "<group>";
		};
		49AAE9991828A1DB00157987 /* Products */ = {
			isa = PBXGroup;
			children = (
				49AAE9981828A1DB00157987 /* TimeTest.app */,
				49AAE9B31828A1DB00157987 /* TimeTestTests.xctest */,
			);
			name = Products;
			sourceTree = "<group>";
		};
		49AAE99A1828A1DB00157987 /* Frameworks */ = {
			isa = PBXGroup;
			children = (
				49AAE99B1828A1DB00157987 /* Foundation.framework */,
				49AAE99D1828A1DB00157987 /* CoreGraphics.framework */,
				49AAE99F1828A1DB00157987 /* UIKit.framework */,
				49AAE9B41828A1DB00157987 /* XCTest.framework */,
			);
			name = Frameworks;
			sourceTree = "<group>";
		};
		49AAE9A11828A1DB00157987 /* TimeTest */ = {
			isa = PBXGroup;
			children = (
				49AAE9CA1828AD4D00157987 /* ASObject.h */,
				49AAE9CB1828AD4D00157987 /* ASObject.m */,
				49AAE9AA1828A1DB00157987 /* ASAppDelegate.h */,
				49AAE9AB1828A1DB00157987 /* ASAppDelegate.m */,
				49AAE9AD1828A1DB00157987 /* Images.xcassets */,
				49AAE9A21828A1DB00157987 /* Supporting Files */,
			);
			path = TimeTest;
			sourceTree = "<group>";
		};
		49AAE9A21828A1DB00157987 /* Supporting Files */ = {
			isa = PBXGroup;
			children = (
				49AAE9A31828A1DB00157987 /* TimeTest-Info.plist */,
				49AAE9A41828A1DB00157987 /* InfoPlist.strings */,
				49AAE9A71828A1DB00157987 /* main.m */,
				49AAE9A91828A1DB00157987 /* TimeTest-Prefix.pch */,
			);
			name = "Supporting Files";
			sourceTree = "<group>";
		};
		49AAE9BA1828A1DB00157987 /* TimeTestTests */ = {
			isa = PBXGroup;
			children = (
				49AAE9C01828A1DB00157987 /* TimeTestTests.m */,
				49AAE9BB1828A1DB00157987 /* Supporting Files */,
			);
			path = TimeTestTests;
			sourceTree = "<group>";
		};
		49AAE9BB1828A1DB00157987 /* Supporting Files */ = {
			isa = PBXGroup;
			children = (
				49AAE9BC1828A1DB00157987 /* TimeTestTests-Info.plist */,
				49AAE9BD1828A1DB00157987 /* InfoPlist.strings */,
			);
			name = "Supporting Files";
			sourceTree = "<group>";
		};
/* End PBXGroup section */

/* Begin PBXNativeTarget section */
		49AAE9971828A1DB00157987 /* TimeTest */ = {
			isa = PBXNativeTarget;
			buildConfigurationList = 49AAE9C41828A1DB00157987 /* Build configuration list for PBXNativeTarget "TimeTest" */;
			buildPhases = (
				49AAE9941828A1DB00157987 /* Sources */,
				49AAE9951828A1DB00157987 /* Frameworks */,
				49AAE9961828A1DB00157987 /* Resources */,
			);
			buildRules = (
			);
			dependencies = (
			);
			name = TimeTest;
			productName = TimeTest;
			productReference = 49AAE9981828A1DB00157987 /* TimeTest.app */;
			productType = "com.apple.product-type.application";
		};
		49AAE9B21828A1DB00157987 /* TimeTestTests */ = {
			isa = PBXNativeTarget;
			buildConfigurationList = 49AAE9C71828A1DB00157987 /* Build configuration list for PBXNativeTarget "TimeTestTests" */;
			buildPhases = (
				49AAE9AF1828A1DB00157987 /* Sources */,
				49AAE9B01828A1DB00157987 /* Frameworks */,
				49AAE9B11828A1DB00157987 /* Resources */,
			);
			buildRules = (
			);
			dependencies = (
				49AAE9B91828A1DB00157987 /* PBXTargetDependency */,
			);
			name = TimeTestTests;
			productName = TimeTestTests;
			productReference = 49AAE9B31828A1DB00157987 /* TimeTestTests.xctest */;
			productType = "com.apple.product-type.bundle.unit-test";
		};
/* End PBXNativeTarget section */

/* Begin PBXProject section */
		49AAE9901828A1DB00157987 /* Project object */ = {
			isa = PBXProject;
			attributes = {
				CLASSPREFIX = AS;
				LastUpgradeCheck = 0500;
				ORGANIZATIONNAME = "Alex Skutarenko";
				TargetAttributes = {
					49AAE9B21828A1DB00157987 = {
						TestTargetID = 49AAE9971828A1DB00157987;
					};
				};
			};
			buildConfigurationList = 49AAE9931828A1DB00157987 /* Build configuration list for PBXProject "TimeTest" */;
			compatibilityVersion = "Xcode 3.2";
			developmentRegion = English;
			hasScannedForEncodings = 0;
			knownRegions = (
				en,
			);
			mainGroup = 49AAE98F1828A1DB00157987;
			productRefGroup = 49AAE9991828A1DB00157987 /* Products */;
			projectDirPath = "";
			projectRoot = "";
			targets = (
				49AAE9971828A1DB00157987 /* TimeTest */,
				49AAE9B21828A1DB00157987 /* TimeTestTests */,
			);
		};
/* End PBXProject section */

/* Begin PBXResourcesBuildPhase section */
		49AAE9961828A1DB00157987 /* Resources */ = {
			isa = PBXResourcesBuildPhase;
			buildActionMask = 2147483647;
			files = (
				49AAE9A61828A1DB00157987 /* InfoPlist.strings in Resources */,
				49AAE9AE1828A1DB00157987 /* Images.xcassets in Resources */,
			);
			runOnlyForDeploymentPostprocessing = 0;
		};
		49AAE9B11828A1DB00157987 /* Resources */ = {
			isa = PBXResourcesBuildPhase;
			buildActionMask = 2147483647;
			files = (
				49AAE9BF1828A1DB00157987 /* InfoPlist.strings in Resources */,
			);
			runOnlyForDeploymentPostprocessing = 0;
		};
/* End PBXResourcesBuildPhase section */

/* Begin PBXSourcesBuildPhase section */
		49AAE9941828A1DB00157987 /* Sources */ = {
			isa = PBXSourcesBuildPhase;
			buildActionMask = 2147483647;
			files = (
				49AAE9CC1828AD4D00157987 /* ASObject.m in Sources */,
				49AAE9AC1828A1DB00157987 /* ASAppDelegate.m in Sources */,
				49AAE9A81828A1DB00157987 /* main.m in Sources */,
			);
			runOnlyForDeploymentPostprocessing = 0;
		};
		49AAE9AF1828A1DB00157987 /* Sources */ = {
			isa = PBXSourcesBuildPhase;
			buildActionMask = 2147483647;
			files = (
				49AAE9C11828A1DB00157987 /* TimeTestTests.m in Sources */,
			);
			runOnlyForDeploymentPostprocessing = 0;
		};
/* End PBXSourcesBuildPhase section */

/* Begin PBXTargetDependency section */
		49AAE9B91828A1DB00157987 /* PBXTargetDependency */ = {
			isa = PBXTargetDependency;
			target = 49AAE9971828A1DB00157987 /* TimeTest */;
			targetProxy = 49AAE9B81828A1DB00157987 /* PBXContainerItemProxy */;
		};
/* End PBXTargetDependency section */

/* Begin PBXVariantGroup section */
		49AAE9A41828A1DB00157987 /* InfoPlist.strings */ = {
			isa = PBXVariantGroup;
			children = (
				49AAE9A51828A1DB00157987 /* en */,
			);
			name = InfoPlist.strings;
			sourceTree = "<group>";
		};
		49AAE9BD1828A1DB00157987 /* InfoPlist.strings */ = {
			isa = PBXVariantGroup;
			children = (
				49AAE9BE1828A1DB00157987 /* en */,
			);
			name = InfoPlist.strings;
			sourceTree = "<group>";
		};
/* End PBXVariantGroup section */

/* Begin XCBuildConfiguration section */
		49AAE9C21828A1DB00157987 /* Debug */ = {
			isa = XCBuildConfiguration;
			buildSettings = {
				ALWAYS_SEARCH_USER_PATHS = NO;
				ARCHS = "$(ARCHS_STANDARD_INCLUDING_64_BIT)";
				CLANG_CXX_LANGUAGE_STANDARD = "gnu++0x";
				CLANG_CXX_LIBRARY = "libc++";
				CLANG_ENABLE_MODULES = YES;
				CLANG_ENABLE_OBJC_ARC = YES;
				CLANG_WARN_BOOL_CONVERSION = YES;
				CLANG_WARN_CONSTANT_CONVERSION = YES;
				CLANG_WARN_DIRECT_OBJC_ISA_USAGE = YES_ERROR;
				CLANG_WARN_EMPTY_BODY = YES;
				CLANG_WARN_ENUM_CONVERSION = YES;
				CLANG_WARN_INT_CONVERSION = YES;
				CLANG_WARN_OBJC_ROOT_CLASS = YES_ERROR;
				CLANG_WARN__DUPLICATE_METHOD_MATCH = YES;
				"CODE_SIGN_IDENTITY[sdk=iphoneos*]" = "iPhone Developer";
				COPY_PHASE_STRIP = NO;
				GCC_C_LANGUAGE_STANDARD = gnu99;
				GCC_DYNAMIC_NO_PIC = NO;
				GCC_OPTIMIZATION_LEVEL = 0;
				GCC_PREPROCESSOR_DEFINITIONS = (
					"DEBUG=1",
					"$(inherited)",
				);
				GCC_SYMBOLS_PRIVATE_EXTERN = NO;
				GCC_WARN_64_TO_32_BIT_CONVERSION = YES;
				GCC_WARN_ABOUT_RETURN_TYPE = YES_ERROR;
				GCC_WARN_UNDECLARED_SELECTOR = YES;
				GCC_WARN_UNINITIALIZED_AUTOS = YES;
				GCC_WARN_UNUSED_FUNCTION = YES;
				GCC_WARN_UNUSED_VARIABLE = YES;
				IPHONEOS_DEPLOYMENT_TARGET = 7.0;
				ONLY_ACTIVE_ARCH = YES;
				SDKROOT = iphoneos;
			};
			name = Debug;
		};
		49AAE9C31828A1DB00157987 /* Release */ = {
			isa = XCBuildConfiguration;
			buildSettings = {
				ALWAYS_SEARCH_USER_PATHS = NO;
				ARCHS = "$(ARCHS_STANDARD_INCLUDING_64_BIT)";
				CLANG_CXX_LANGUAGE_STANDARD = "gnu++0x";
				CLANG_CXX_LIBRARY = "libc++";
				CLANG_ENABLE_MODULES = YES;
				CLANG_ENABLE_OBJC_ARC = YES;
				CLANG_WARN_BOOL_CONVERSION = YES;
				CLANG_WARN_CONSTANT_CONVERSION = YES;
				CLANG_WARN_DIRECT_OBJC_ISA_USAGE = YES_ERROR;
				CLANG_WARN_EMPTY_BODY = YES;
				CLANG_WARN_ENUM_CONVERSION = YES;
				CLANG_WARN_INT_CONVERSION = YES;
				CLANG_WARN_OBJC_ROOT_CLASS = YES_ERROR;
				CLANG_WARN__DUPLICATE_METHOD_MATCH = YES;
				"CODE_SIGN_IDENTITY[sdk=iphoneos*]" = "iPhone Developer";
				COPY_PHASE_STRIP = YES;
				ENABLE_NS_ASSERTIONS = NO;
				GCC_C_LANGUAGE_STANDARD = gnu99;
				GCC_WARN_64_TO_32_BIT_CONVERSION = YES;
				GCC_WARN_ABOUT_RETURN_TYPE = YES_ERROR;
				GCC_WARN_UNDECLARED_SELECTOR = YES;
				GCC_WARN_UNINITIALIZED_AUTOS = YES;
				GCC_WARN_UNUSED_FUNCTION = YES;
				GCC_WARN_UNUSED_VARIABLE = YES;
				IPHONEOS_DEPLOYMENT_TARGET = 7.0;
				SDKROOT = iphoneos;
				VALIDATE_PRODUCT = YES;
			};
			name = Release;
		};
		49AAE9C51828A1DB00157987 /* Debug */ = {
			isa = XCBuildConfiguration;
			buildSettings = {
				ASSETCATALOG_COMPILER_APPICON_NAME = AppIcon;
				ASSETCATALOG_COMPILER_LAUNCHIMAGE_NAME = LaunchImage;
				GCC_PRECOMPILE_PREFIX_HEADER = YES;
				GCC_PREFIX_HEADER = "TimeTest/TimeTest-Prefix.pch";
				INFOPLIST_FILE = "TimeTest/TimeTest-Info.plist";
				PRODUCT_NAME = "$(TARGET_NAME)";
				WRAPPER_EXTENSION = app;
			};
			name = Debug;
		};
		49AAE9C61828A1DB00157987 /* Release */ = {
			isa = XCBuildConfiguration;
			buildSettings = {
				ASSETCATALOG_COMPILER_APPICON_NAME = AppIcon;
				ASSETCATALOG_COMPILER_LAUNCHIMAGE_NAME = LaunchImage;
				GCC_PRECOMPILE_PREFIX_HEADER = YES;
				GCC_PREFIX_HEADER = "TimeTest/TimeTest-Prefix.pch";
				INFOPLIST_FILE = "TimeTest/TimeTest-Info.plist";
				PRODUCT_NAME = "$(TARGET_NAME)";
				WRAPPER_EXTENSION = app;
			};
			name = Release;
		};
		49AAE9C81828A1DB00157987 /* Debug */ = {
			isa = XCBuildConfiguration;
			buildSettings = {
				ARCHS = "$(ARCHS_STANDARD_INCLUDING_64_BIT)";
				BUNDLE_LOADER = "$(BUILT_PRODUCTS_DIR)/TimeTest.app/TimeTest";
				FRAMEWORK_SEARCH_PATHS = (
					"$(SDKROOT)/Developer/Library/Frameworks",
					"$(inherited)",
					"$(DEVELOPER_FRAMEWORKS_DIR)",
				);
				GCC_PRECOMPILE_PREFIX_HEADER = YES;
				GCC_PREFIX_HEADER = "TimeTest/TimeTest-Prefix.pch";
				GCC_PREPROCESSOR_DEFINITIONS = (
					"DEBUG=1",
					"$(inherited)",
				);
				INFOPLIST_FILE = "TimeTestTests/TimeTestTests-Info.plist";
				PRODUCT_NAME = "$(TARGET_NAME)";
				TEST_HOST = "$(BUNDLE_LOADER)";
				WRAPPER_EXTENSION = xctest;
			};
			name = Debug;
		};
		49AAE9C91828A1DB00157987 /* Release */ = {
			isa = XCBuildConfiguration;
			buildSettings = {
				ARCHS = "$(ARCHS_STANDARD_INCLUDING_64_BIT)";
				BUNDLE_LOADER = "$(BUILT_PRODUCTS_DIR)/TimeTest.app/TimeTest";
				FRAMEWORK_SEARCH_PATHS = (
					"$(SDKROOT)/Developer/Library/Frameworks",
					"$(inherited)",
					"$(DEVELOPER_FRAMEWORKS_DIR)",
				);
				GCC_PRECOMPILE_PREFIX_HEADER = YES;
				GCC_PREFIX_HEADER = "TimeTest/TimeTest-Prefix.pch";
				INFOPLIST_FILE = "TimeTestTests/TimeTestTests-Info.plist";
				PRODUCT_NAME = "$(TARGET_NAME)";
				TEST_HOST = "$(BUNDLE_LOADER)";
				WRAPPER_EXTENSION = xctest;
			};
			name = Release;
		};
/* End XCBuildConfiguration section */

/* Begin XCConfigurationList section */
		49AAE9931828A1DB00157987 /* Build configuration list for PBXProject "TimeTest" */ = {
			isa = XCConfigurationList;
			buildConfigurations = (
				49AAE9C21828A1DB00157987 /* Debug */,
				49AAE9C31828A1DB00157987 /* Release */,
			);
			defaultConfigurationIsVisible = 0;
			defaultConfigurationName = Release;
		};
		49AAE9C41828A1DB00157987 /* Build configuration list for PBXNativeTarget "TimeTest" */ = {
			isa = XCConfigurationList;
			buildConfigurations = (
				49AAE9C51828A1DB00157987 /* Debug */,
				49AAE9C61828A1DB00157987 /* Release */,
			);
			defaultConfigurationIsVisible = 0;
		};
		49AAE9C71828A1DB00157987 /* Build configuration list for PBXNativeTarget "TimeTestTests" */ = {
			isa = XCConfigurationList;
			buildConfigurations = (
				49AAE9C81828A1DB00157987 /* Debug */,
				49AAE9C91828A1DB00157987 /* Release */,
			);
			defaultConfigurationIsVisible = 0;
		};
/* End XCConfigurationList section */
	};
	rootObject = 49AAE9901828A1DB00157987 /* Project object */;
}
