// !$*UTF8*$!
{
	archiveVersion = 1;
	classes = {
	};
	objectVersion = 46;
	objects = {

/* Begin PBXBuildFile section */
		49EB04861850206B001E6258 /* Foundation.framework in Frameworks */ = {isa = PBXBuildFile; fileRef = 49EB04851850206B001E6258 /* Foundation.framework */; };
		49EB04881850206B001E6258 /* CoreGraphics.framework in Frameworks */ = {isa = PBXBuildFile; fileRef = 49EB04871850206B001E6258 /* CoreGraphics.framework */; };
		49EB048A1850206B001E6258 /* UIKit.framework in Frameworks */ = {isa = PBXBuildFile; fileRef = 49EB04891850206B001E6258 /* UIKit.framework */; };
		49EB04901850206B001E6258 /* InfoPlist.strings in Resources */ = {isa = PBXBuildFile; fileRef = 49EB048E1850206B001E6258 /* InfoPlist.strings */; };
		49EB04921850206B001E6258 /* main.m in Sources */ = {isa = PBXBuildFile; fileRef = 49EB04911850206B001E6258 /* main.m */; };
		49EB04961850206B001E6258 /* ASAppDelegate.m in Sources */ = {isa = PBXBuildFile; fileRef = 49EB04951850206B001E6258 /* ASAppDelegate.m */; };
		49EB04991850206B001E6258 /* Main.storyboard in Resources */ = {isa = PBXBuildFile; fileRef = 49EB04971850206B001E6258 /* Main.storyboard */; };
		49EB049C1850206B001E6258 /* ASViewController.m in Sources */ = {isa = PBXBuildFile; fileRef = 49EB049B1850206B001E6258 /* ASViewController.m */; };
		49EB049E1850206B001E6258 /* Images.xcassets in Resources */ = {isa = PBXBuildFile; fileRef = 49EB049D1850206B001E6258 /* Images.xcassets */; };
		49EB04A51850206B001E6258 /* XCTest.framework in Frameworks */ = {isa = PBXBuildFile; fileRef = 49EB04A41850206B001E6258 /* XCTest.framework */; };
		49EB04A61850206B001E6258 /* Foundation.framework in Frameworks */ = {isa = PBXBuildFile; fileRef = 49EB04851850206B001E6258 /* Foundation.framework */; };
		49EB04A71850206B001E6258 /* UIKit.framework in Frameworks */ = {isa = PBXBuildFile; fileRef = 49EB04891850206B001E6258 /* UIKit.framework */; };
		49EB04AF1850206B001E6258 /* InfoPlist.strings in Resources */ = {isa = PBXBuildFile; fileRef = 49EB04AD1850206B001E6258 /* InfoPlist.strings */; };
		49EB04B11850206B001E6258 /* ButtonsTestTests.m in Sources */ = {isa = PBXBuildFile; fileRef = 49EB04B01850206B001E6258 /* ButtonsTestTests.m */; };
/* End PBXBuildFile section */

/* Begin PBXContainerItemProxy section */
		49EB04A81850206B001E6258 /* PBXContainerItemProxy */ = {
			isa = PBXContainerItemProxy;
			containerPortal = 49EB047A1850206B001E6258 /* Project object */;
			proxyType = 1;
			remoteGlobalIDString = 49EB04811850206B001E6258;
			remoteInfo = ButtonsTest;
		};
/* End PBXContainerItemProxy section */

/* Begin PBXFileReference section */
		49EB04821850206B001E6258 /* ButtonsTest.app */ = {isa = PBXFileReference; explicitFileType = wrapper.application; includeInIndex = 0; path = ButtonsTest.app; sourceTree = BUILT_PRODUCTS_DIR; };
		49EB04851850206B001E6258 /* Foundation.framework */ = {isa = PBXFileReference; lastKnownFileType = wrapper.framework; name = Foundation.framework; path = System/Library/Frameworks/Foundation.framework; sourceTree = SDKROOT; };
		49EB04871850206B001E6258 /* CoreGraphics.framework */ = {isa = PBXFileReference; lastKnownFileType = wrapper.framework; name = CoreGraphics.framework; path = System/Library/Frameworks/CoreGraphics.framework; sourceTree = SDKROOT; };
		49EB04891850206B001E6258 /* UIKit.framework */ = {isa = PBXFileReference; lastKnownFileType = wrapper.framework; name = UIKit.framework; path = System/Library/Frameworks/UIKit.framework; sourceTree = SDKROOT; };
		49EB048D1850206B001E6258 /* ButtonsTest-Info.plist */ = {isa = PBXFileReference; lastKnownFileType = text.plist.xml; path = "ButtonsTest-Info.plist"; sourceTree = "<group>"; };
		49EB048F1850206B001E6258 /* en */ = {isa = PBXFileReference; lastKnownFileType = text.plist.strings; name = en; path = en.lproj/InfoPlist.strings; sourceTree = "<group>"; };
		49EB04911850206B001E6258 /* main.m */ = {isa = PBXFileReference; lastKnownFileType = sourcecode.c.objc; path = main.m; sourceTree = "<group>"; };
		49EB04931850206B001E6258 /* ButtonsTest-Prefix.pch */ = {isa = PBXFileReference; lastKnownFileType = sourcecode.c.h; path = "ButtonsTest-Prefix.pch"; sourceTree = "<group>"; };
		49EB04941850206B001E6258 /* ASAppDelegate.h */ = {isa = PBXFileReference; lastKnownFileType = sourcecode.c.h; path = ASAppDelegate.h; sourceTree = "<group>"; };
		49EB04951850206B001E6258 /* ASAppDelegate.m */ = {isa = PBXFileReference; lastKnownFileType = sourcecode.c.objc; path = ASAppDelegate.m; sourceTree = "<group>"; };
		49EB04981850206B001E6258 /* Base */ = {isa = PBXFileReference; lastKnownFileType = file.storyboard; name = Base; path = Base.lproj/Main.storyboard; sourceTree = "<group>"; };
		49EB049A1850206B001E6258 /* ASViewController.h */ = {isa = PBXFileReference; lastKnownFileType = sourcecode.c.h; path = ASViewController.h; sourceTree = "<group>"; };
		49EB049B1850206B001E6258 /* ASViewController.m */ = {isa = PBXFileReference; lastKnownFileType = sourcecode.c.objc; path = ASViewController.m; sourceTree = "<group>"; };
		49EB049D1850206B001E6258 /* Images.xcassets */ = {isa = PBXFileReference; lastKnownFileType = folder.assetcatalog; path = Images.xcassets; sourceTree = "<group>"; };
		49EB04A31850206B001E6258 /* ButtonsTestTests.xctest */ = {isa = PBXFileReference; explicitFileType = wrapper.cfbundle; includeInIndex = 0; path = ButtonsTestTests.xctest; sourceTree = BUILT_PRODUCTS_DIR; };
		49EB04A41850206B001E6258 /* XCTest.framework */ = {isa = PBXFileReference; lastKnownFileType = wrapper.framework; name = XCTest.framework; path = Library/Frameworks/XCTest.framework; sourceTree = DEVELOPER_DIR; };
		49EB04AC1850206B001E6258 /* ButtonsTestTests-Info.plist */ = {isa = PBXFileReference; lastKnownFileType = text.plist.xml; path = "ButtonsTestTests-Info.plist"; sourceTree = "<group>"; };
		49EB04AE1850206B001E6258 /* en */ = {isa = PBXFileReference; lastKnownFileType = text.plist.strings; name = en; path = en.lproj/InfoPlist.strings; sourceTree = "<group>"; };
		49EB04B01850206B001E6258 /* ButtonsTestTests.m */ = {isa = PBXFileReference; lastKnownFileType = sourcecode.c.objc; path = ButtonsTestTests.m; sourceTree = "<group>"; };
/* End PBXFileReference section */

/* Begin PBXFrameworksBuildPhase section */
		49EB047F1850206B001E6258 /* Frameworks */ = {
			isa = PBXFrameworksBuildPhase;
			buildActionMask = 2147483647;
			files = (
				49EB04881850206B001E6258 /* CoreGraphics.framework in Frameworks */,
				49EB048A1850206B001E6258 /* UIKit.framework in Frameworks */,
				49EB04861850206B001E6258 /* Foundation.framework in Frameworks */,
			);
			runOnlyForDeploymentPostprocessing = 0;
		};
		49EB04A01850206B001E6258 /* Frameworks */ = {
			isa = PBXFrameworksBuildPhase;
			buildActionMask = 2147483647;
			files = (
				49EB04A51850206B001E6258 /* XCTest.framework in Frameworks */,
				49EB04A71850206B001E6258 /* UIKit.framework in Frameworks */,
				49EB04A61850206B001E6258 /* Foundation.framework in Frameworks */,
			);
			runOnlyForDeploymentPostprocessing = 0;
		};
/* End PBXFrameworksBuildPhase section */

/* Begin PBXGroup section */
		49EB04791850206B001E6258 = {
			isa = PBXGroup;
			children = (
				49EB048B1850206B001E6258 /* ButtonsTest */,
				49EB04AA1850206B001E6258 /* ButtonsTestTests */,
				49EB04841850206B001E6258 /* Frameworks */,
				49EB04831850206B001E6258 /* Products */,
			);
			sourceTree = "<group>";
		};
		49EB04831850206B001E6258 /* Products */ = {
			isa = PBXGroup;
			children = (
				49EB04821850206B001E6258 /* ButtonsTest.app */,
				49EB04A31850206B001E6258 /* ButtonsTestTests.xctest */,
			);
			name = Products;
			sourceTree = "<group>";
		};
		49EB04841850206B001E6258 /* Frameworks */ = {
			isa = PBXGroup;
			children = (
				49EB04851850206B001E6258 /* Foundation.framework */,
				49EB04871850206B001E6258 /* CoreGraphics.framework */,
				49EB04891850206B001E6258 /* UIKit.framework */,
				49EB04A41850206B001E6258 /* XCTest.framework */,
			);
			name = Frameworks;
			sourceTree = "<group>";
		};
		49EB048B1850206B001E6258 /* ButtonsTest */ = {
			isa = PBXGroup;
			children = (
				49EB04941850206B001E6258 /* ASAppDelegate.h */,
				49EB04951850206B001E6258 /* ASAppDelegate.m */,
				49EB04971850206B001E6258 /* Main.storyboard */,
				49EB049A1850206B001E6258 /* ASViewController.h */,
				49EB049B1850206B001E6258 /* ASViewController.m */,
				49EB049D1850206B001E6258 /* Images.xcassets */,
				49EB048C1850206B001E6258 /* Supporting Files */,
			);
			path = ButtonsTest;
			sourceTree = "<group>";
		};
		49EB048C1850206B001E6258 /* Supporting Files */ = {
			isa = PBXGroup;
			children = (
				49EB048D1850206B001E6258 /* ButtonsTest-Info.plist */,
				49EB048E1850206B001E6258 /* InfoPlist.strings */,
				49EB04911850206B001E6258 /* main.m */,
				49EB04931850206B001E6258 /* ButtonsTest-Prefix.pch */,
			);
			name = "Supporting Files";
			sourceTree = "<group>";
		};
		49EB04AA1850206B001E6258 /* ButtonsTestTests */ = {
			isa = PBXGroup;
			children = (
				49EB04B01850206B001E6258 /* ButtonsTestTests.m */,
				49EB04AB1850206B001E6258 /* Supporting Files */,
			);
			path = ButtonsTestTests;
			sourceTree = "<group>";
		};
		49EB04AB1850206B001E6258 /* Supporting Files */ = {
			isa = PBXGroup;
			children = (
				49EB04AC1850206B001E6258 /* ButtonsTestTests-Info.plist */,
				49EB04AD1850206B001E6258 /* InfoPlist.strings */,
			);
			name = "Supporting Files";
			sourceTree = "<group>";
		};
/* End PBXGroup section */

/* Begin PBXNativeTarget section */
		49EB04811850206B001E6258 /* ButtonsTest */ = {
			isa = PBXNativeTarget;
			buildConfigurationList = 49EB04B41850206B001E6258 /* Build configuration list for PBXNativeTarget "ButtonsTest" */;
			buildPhases = (
				49EB047E1850206B001E6258 /* Sources */,
				49EB047F1850206B001E6258 /* Frameworks */,
				49EB04801850206B001E6258 /* Resources */,
			);
			buildRules = (
			);
			dependencies = (
			);
			name = ButtonsTest;
			productName = ButtonsTest;
			productReference = 49EB04821850206B001E6258 /* ButtonsTest.app */;
			productType = "com.apple.product-type.application";
		};
		49EB04A21850206B001E6258 /* ButtonsTestTests */ = {
			isa = PBXNativeTarget;
			buildConfigurationList = 49EB04B71850206B001E6258 /* Build configuration list for PBXNativeTarget "ButtonsTestTests" */;
			buildPhases = (
				49EB049F1850206B001E6258 /* Sources */,
				49EB04A01850206B001E6258 /* Frameworks */,
				49EB04A11850206B001E6258 /* Resources */,
			);
			buildRules = (
			);
			dependencies = (
				49EB04A91850206B001E6258 /* PBXTargetDependency */,
			);
			name = ButtonsTestTests;
			productName = ButtonsTestTests;
			productReference = 49EB04A31850206B001E6258 /* ButtonsTestTests.xctest */;
			productType = "com.apple.product-type.bundle.unit-test";
		};
/* End PBXNativeTarget section */

/* Begin PBXProject section */
		49EB047A1850206B001E6258 /* Project object */ = {
			isa = PBXProject;
			attributes = {
				CLASSPREFIX = AS;
				LastUpgradeCheck = 0500;
				ORGANIZATIONNAME = "Alex Skutarenko";
				TargetAttributes = {
					49EB04A21850206B001E6258 = {
						TestTargetID = 49EB04811850206B001E6258;
					};
				};
			};
			buildConfigurationList = 49EB047D1850206B001E6258 /* Build configuration list for PBXProject "ButtonsTest" */;
			compatibilityVersion = "Xcode 3.2";
			developmentRegion = English;
			hasScannedForEncodings = 0;
			knownRegions = (
				en,
				Base,
			);
			mainGroup = 49EB04791850206B001E6258;
			productRefGroup = 49EB04831850206B001E6258 /* Products */;
			projectDirPath = "";
			projectRoot = "";
			targets = (
				49EB04811850206B001E6258 /* ButtonsTest */,
				49EB04A21850206B001E6258 /* ButtonsTestTests */,
			);
		};
/* End PBXProject section */

/* Begin PBXResourcesBuildPhase section */
		49EB04801850206B001E6258 /* Resources */ = {
			isa = PBXResourcesBuildPhase;
			buildActionMask = 2147483647;
			files = (
				49EB049E1850206B001E6258 /* Images.xcassets in Resources */,
				49EB04901850206B001E6258 /* InfoPlist.strings in Resources */,
				49EB04991850206B001E6258 /* Main.storyboard in Resources */,
			);
			runOnlyForDeploymentPostprocessing = 0;
		};
		49EB04A11850206B001E6258 /* Resources */ = {
			isa = PBXResourcesBuildPhase;
			buildActionMask = 2147483647;
			files = (
				49EB04AF1850206B001E6258 /* InfoPlist.strings in Resources */,
			);
			runOnlyForDeploymentPostprocessing = 0;
		};
/* End PBXResourcesBuildPhase section */

/* Begin PBXSourcesBuildPhase section */
		49EB047E1850206B001E6258 /* Sources */ = {
			isa = PBXSourcesBuildPhase;
			buildActionMask = 2147483647;
			files = (
				49EB04961850206B001E6258 /* ASAppDelegate.m in Sources */,
				49EB049C1850206B001E6258 /* ASViewController.m in Sources */,
				49EB04921850206B001E6258 /* main.m in Sources */,
			);
			runOnlyForDeploymentPostprocessing = 0;
		};
		49EB049F1850206B001E6258 /* Sources */ = {
			isa = PBXSourcesBuildPhase;
			buildActionMask = 2147483647;
			files = (
				49EB04B11850206B001E6258 /* ButtonsTestTests.m in Sources */,
			);
			runOnlyForDeploymentPostprocessing = 0;
		};
/* End PBXSourcesBuildPhase section */

/* Begin PBXTargetDependency section */
		49EB04A91850206B001E6258 /* PBXTargetDependency */ = {
			isa = PBXTargetDependency;
			target = 49EB04811850206B001E6258 /* ButtonsTest */;
			targetProxy = 49EB04A81850206B001E6258 /* PBXContainerItemProxy */;
		};
/* End PBXTargetDependency section */

/* Begin PBXVariantGroup section */
		49EB048E1850206B001E6258 /* InfoPlist.strings */ = {
			isa = PBXVariantGroup;
			children = (
				49EB048F1850206B001E6258 /* en */,
			);
			name = InfoPlist.strings;
			sourceTree = "<group>";
		};
		49EB04971850206B001E6258 /* Main.storyboard */ = {
			isa = PBXVariantGroup;
			children = (
				49EB04981850206B001E6258 /* Base */,
			);
			name = Main.storyboard;
			sourceTree = "<group>";
		};
		49EB04AD1850206B001E6258 /* InfoPlist.strings */ = {
			isa = PBXVariantGroup;
			children = (
				49EB04AE1850206B001E6258 /* en */,
			);
			name = InfoPlist.strings;
			sourceTree = "<group>";
		};
/* End PBXVariantGroup section */

/* Begin XCBuildConfiguration section */
		49EB04B21850206B001E6258 /* Debug */ = {
			isa = XCBuildConfiguration;
			buildSettings = {
				ALWAYS_SEARCH_USER_PATHS = NO;
				ARCHS = "$(ARCHS_STANDARD_INCLUDING_64_BIT)";
				CLANG_CXX_LANGUAGE_STANDARD = "gnu++0x";
				CLANG_CXX_LIBRARY = "libc++";
				CLANG_ENABLE_MODULES = YES;
				CLANG_ENABLE_OBJC_ARC = YES;
				CLANG_WARN_BOOL_CONVERSION = YES;
				CLANG_WARN_CONSTANT_CONVERSION = YES;
				CLANG_WARN_DIRECT_OBJC_ISA_USAGE = YES_ERROR;
				CLANG_WARN_EMPTY_BODY = YES;
				CLANG_WARN_ENUM_CONVERSION = YES;
				CLANG_WARN_INT_CONVERSION = YES;
				CLANG_WARN_OBJC_ROOT_CLASS = YES_ERROR;
				CLANG_WARN__DUPLICATE_METHOD_MATCH = YES;
				"CODE_SIGN_IDENTITY[sdk=iphoneos*]" = "iPhone Developer";
				COPY_PHASE_STRIP = NO;
				GCC_C_LANGUAGE_STANDARD = gnu99;
				GCC_DYNAMIC_NO_PIC = NO;
				GCC_OPTIMIZATION_LEVEL = 0;
				GCC_PREPROCESSOR_DEFINITIONS = (
					"DEBUG=1",
					"$(inherited)",
				);
				GCC_SYMBOLS_PRIVATE_EXTERN = NO;
				GCC_WARN_64_TO_32_BIT_CONVERSION = YES;
				GCC_WARN_ABOUT_RETURN_TYPE = YES_ERROR;
				GCC_WARN_UNDECLARED_SELECTOR = YES;
				GCC_WARN_UNINITIALIZED_AUTOS = YES;
				GCC_WARN_UNUSED_FUNCTION = YES;
				GCC_WARN_UNUSED_VARIABLE = YES;
				IPHONEOS_DEPLOYMENT_TARGET = 7.0;
				ONLY_ACTIVE_ARCH = YES;
				SDKROOT = iphoneos;
				TARGETED_DEVICE_FAMILY = 2;
			};
			name = Debug;
		};
		49EB04B31850206B001E6258 /* Release */ = {
			isa = XCBuildConfiguration;
			buildSettings = {
				ALWAYS_SEARCH_USER_PATHS = NO;
				ARCHS = "$(ARCHS_STANDARD_INCLUDING_64_BIT)";
				CLANG_CXX_LANGUAGE_STANDARD = "gnu++0x";
				CLANG_CXX_LIBRARY = "libc++";
				CLANG_ENABLE_MODULES = YES;
				CLANG_ENABLE_OBJC_ARC = YES;
				CLANG_WARN_BOOL_CONVERSION = YES;
				CLANG_WARN_CONSTANT_CONVERSION = YES;
				CLANG_WARN_DIRECT_OBJC_ISA_USAGE = YES_ERROR;
				CLANG_WARN_EMPTY_BODY = YES;
				CLANG_WARN_ENUM_CONVERSION = YES;
				CLANG_WARN_INT_CONVERSION = YES;
				CLANG_WARN_OBJC_ROOT_CLASS = YES_ERROR;
				CLANG_WARN__DUPLICATE_METHOD_MATCH = YES;
				"CODE_SIGN_IDENTITY[sdk=iphoneos*]" = "iPhone Developer";
				COPY_PHASE_STRIP = YES;
				ENABLE_NS_ASSERTIONS = NO;
				GCC_C_LANGUAGE_STANDARD = gnu99;
				GCC_WARN_64_TO_32_BIT_CONVERSION = YES;
				GCC_WARN_ABOUT_RETURN_TYPE = YES_ERROR;
				GCC_WARN_UNDECLARED_SELECTOR = YES;
				GCC_WARN_UNINITIALIZED_AUTOS = YES;
				GCC_WARN_UNUSED_FUNCTION = YES;
				GCC_WARN_UNUSED_VARIABLE = YES;
				IPHONEOS_DEPLOYMENT_TARGET = 7.0;
				SDKROOT = iphoneos;
				TARGETED_DEVICE_FAMILY = 2;
				VALIDATE_PRODUCT = YES;
			};
			name = Release;
		};
		49EB04B51850206B001E6258 /* Debug */ = {
			isa = XCBuildConfiguration;
			buildSettings = {
				ASSETCATALOG_COMPILER_APPICON_NAME = AppIcon;
				ASSETCATALOG_COMPILER_LAUNCHIMAGE_NAME = LaunchImage;
				GCC_PRECOMPILE_PREFIX_HEADER = YES;
				GCC_PREFIX_HEADER = "ButtonsTest/ButtonsTest-Prefix.pch";
				INFOPLIST_FILE = "ButtonsTest/ButtonsTest-Info.plist";
				PRODUCT_NAME = "$(TARGET_NAME)";
				WRAPPER_EXTENSION = app;
			};
			name = Debug;
		};
		49EB04B61850206B001E6258 /* Release */ = {
			isa = XCBuildConfiguration;
			buildSettings = {
				ASSETCATALOG_COMPILER_APPICON_NAME = AppIcon;
				ASSETCATALOG_COMPILER_LAUNCHIMAGE_NAME = LaunchImage;
				GCC_PRECOMPILE_PREFIX_HEADER = YES;
				GCC_PREFIX_HEADER = "ButtonsTest/ButtonsTest-Prefix.pch";
				INFOPLIST_FILE = "ButtonsTest/ButtonsTest-Info.plist";
				PRODUCT_NAME = "$(TARGET_NAME)";
				WRAPPER_EXTENSION = app;
			};
			name = Release;
		};
		49EB04B81850206B001E6258 /* Debug */ = {
			isa = XCBuildConfiguration;
			buildSettings = {
				ARCHS = "$(ARCHS_STANDARD_INCLUDING_64_BIT)";
				BUNDLE_LOADER = "$(BUILT_PRODUCTS_DIR)/ButtonsTest.app/ButtonsTest";
				FRAMEWORK_SEARCH_PATHS = (
					"$(SDKROOT)/Developer/Library/Frameworks",
					"$(inherited)",
					"$(DEVELOPER_FRAMEWORKS_DIR)",
				);
				GCC_PRECOMPILE_PREFIX_HEADER = YES;
				GCC_PREFIX_HEADER = "ButtonsTest/ButtonsTest-Prefix.pch";
				GCC_PREPROCESSOR_DEFINITIONS = (
					"DEBUG=1",
					"$(inherited)",
				);
				INFOPLIST_FILE = "ButtonsTestTests/ButtonsTestTests-Info.plist";
				PRODUCT_NAME = "$(TARGET_NAME)";
				TEST_HOST = "$(BUNDLE_LOADER)";
				WRAPPER_EXTENSION = xctest;
			};
			name = Debug;
		};
		49EB04B91850206B001E6258 /* Release */ = {
			isa = XCBuildConfiguration;
			buildSettings = {
				ARCHS = "$(ARCHS_STANDARD_INCLUDING_64_BIT)";
				BUNDLE_LOADER = "$(BUILT_PRODUCTS_DIR)/ButtonsTest.app/ButtonsTest";
				FRAMEWORK_SEARCH_PATHS = (
					"$(SDKROOT)/Developer/Library/Frameworks",
					"$(inherited)",
					"$(DEVELOPER_FRAMEWORKS_DIR)",
				);
				GCC_PRECOMPILE_PREFIX_HEADER = YES;
				GCC_PREFIX_HEADER = "ButtonsTest/ButtonsTest-Prefix.pch";
				INFOPLIST_FILE = "ButtonsTestTests/ButtonsTestTests-Info.plist";
				PRODUCT_NAME = "$(TARGET_NAME)";
				TEST_HOST = "$(BUNDLE_LOADER)";
				WRAPPER_EXTENSION = xctest;
			};
			name = Release;
		};
/* End XCBuildConfiguration section */

/* Begin XCConfigurationList section */
		49EB047D1850206B001E6258 /* Build configuration list for PBXProject "ButtonsTest" */ = {
			isa = XCConfigurationList;
			buildConfigurations = (
				49EB04B21850206B001E6258 /* Debug */,
				49EB04B31850206B001E6258 /* Release */,
			);
			defaultConfigurationIsVisible = 0;
			defaultConfigurationName = Release;
		};
		49EB04B41850206B001E6258 /* Build configuration list for PBXNativeTarget "ButtonsTest" */ = {
			isa = XCConfigurationList;
			buildConfigurations = (
				49EB04B51850206B001E6258 /* Debug */,
				49EB04B61850206B001E6258 /* Release */,
			);
			defaultConfigurationIsVisible = 0;
		};
		49EB04B71850206B001E6258 /* Build configuration list for PBXNativeTarget "ButtonsTestTests" */ = {
			isa = XCConfigurationList;
			buildConfigurations = (
				49EB04B81850206B001E6258 /* Debug */,
				49EB04B91850206B001E6258 /* Release */,
			);
			defaultConfigurationIsVisible = 0;
		};
/* End XCConfigurationList section */
	};
	rootObject = 49EB047A1850206B001E6258 /* Project object */;
}
